
Microsoft Visual Studio Solution File, Format Version 12.00
# Visual Studio Version 16
VisualStudioVersion = 16.0.30011.22
MinimumVisualStudioVersion = 10.0.40219.1
Project("{8BC9CEB8-8B4A-11D0-8D11-00A0C91BC942}") = "vstest", "vstest\vstest.vcxproj", "{5F702A45-754D-41EC-ABD4-BD18EA4A7F93}"
	ProjectSection(ProjectDependencies) = postProject
		{B39B5E05-7B57-42B5-8BA5-21A2B0B2DEB8} = {B39B5E05-7B57-42B5-8BA5-21A2B0B2DEB8}
		{56D2D64F-6296-4E1E-8C0C-7AF381034F73} = {56D2D64F-6296-4E1E-8C0C-7AF381034F73}
		{7482C1FD-BE7B-4380-AD4B-4E7214FBFE63} = {7482C1FD-BE7B-4380-AD4B-4E7214FBFE63}
	EndProjectSection
EndProject
Project("{8BC9CEB8-8B4A-11D0-8D11-00A0C91BC942}") = "core", "core\core.vcxproj", "{B39B5E05-7B57-42B5-8BA5-21A2B0B2DEB8}"
EndProject
Project("{8BC9CEB8-8B4A-11D0-8D11-00A0C91BC942}") = "misc", "misc\misc.vcxproj", "{56D2D64F-6296-4E1E-8C0C-7AF381034F73}"
	ProjectSection(ProjectDependencies) = postProject
		{B39B5E05-7B57-42B5-8BA5-21A2B0B2DEB8} = {B39B5E05-7B57-42B5-8BA5-21A2B0B2DEB8}
	EndProjectSection
EndProject
Project("{8BC9CEB8-8B4A-11D0-8D11-00A0C91BC942}") = "gfx_pixeltoaster", "gfx_pixeltoaster\gfx_pixeltoaster.vcxproj", "{AE099E7D-5A3D-4054-9B96-745388E83045}"
EndProject
Project("{8BC9CEB8-8B4A-11D0-8D11-00A0C91BC942}") = "gfx_gl", "gfx_gl\gfx_gl.vcxproj", "{7482C1FD-BE7B-4380-AD4B-4E7214FBFE63}"
EndProject
Global
	GlobalSection(SolutionConfigurationPlatforms) = preSolution
		Debug|x64 = Debug|x64
		Debug|x86 = Debug|x86
		Release|x64 = Release|x64
		Release|x86 = Release|x86
	EndGlobalSection
	GlobalSection(ProjectConfigurationPlatforms) = postSolution
		{5F702A45-754D-41EC-ABD4-BD18EA4A7F93}.Debug|x64.ActiveCfg = Debug|x64
		{5F702A45-754D-41EC-ABD4-BD18EA4A7F93}.Debug|x64.Build.0 = Debug|x64
		{5F702A45-754D-41EC-ABD4-BD18EA4A7F93}.Debug|x86.ActiveCfg = Debug|x64
		{5F702A45-754D-41EC-ABD4-BD18EA4A7F93}.Debug|x86.Build.0 = Debug|x64
		{5F702A45-754D-41EC-ABD4-BD18EA4A7F93}.Release|x64.ActiveCfg = Release|x64
		{5F702A45-754D-41EC-ABD4-BD18EA4A7F93}.Release|x64.Build.0 = Release|x64
		{5F702A45-754D-41EC-ABD4-BD18EA4A7F93}.Release|x86.ActiveCfg = Release|Win32
		{5F702A45-754D-41EC-ABD4-BD18EA4A7F93}.Release|x86.Build.0 = Release|Win32
		{B39B5E05-7B57-42B5-8BA5-21A2B0B2DEB8}.Debug|x64.ActiveCfg = Debug|x64
		{B39B5E05-7B57-42B5-8BA5-21A2B0B2DEB8}.Debug|x64.Build.0 = Debug|x64
		{B39B5E05-7B57-42B5-8BA5-21A2B0B2DEB8}.Debug|x86.ActiveCfg = Debug|x64
		{B39B5E05-7B57-42B5-8BA5-21A2B0B2DEB8}.Debug|x86.Build.0 = Debug|x64
		{B39B5E05-7B57-42B5-8BA5-21A2B0B2DEB8}.Release|x64.ActiveCfg = Release|x64
		{B39B5E05-7B57-42B5-8BA5-21A2B0B2DEB8}.Release|x64.Build.0 = Release|x64
		{B39B5E05-7B57-42B5-8BA5-21A2B0B2DEB8}.Release|x86.ActiveCfg = Release|Win32
		{B39B5E05-7B57-42B5-8BA5-21A2B0B2DEB8}.Release|x86.Build.0 = Release|Win32
		{56D2D64F-6296-4E1E-8C0C-7AF381034F73}.Debug|x64.ActiveCfg = Debug|x64
		{56D2D64F-6296-4E1E-8C0C-7AF381034F73}.Debug|x64.Build.0 = Debug|x64
		{56D2D64F-6296-4E1E-8C0C-7AF381034F73}.Debug|x86.ActiveCfg = Debug|Win32
		{56D2D64F-6296-4E1E-8C0C-7AF381034F73}.Debug|x86.Build.0 = Debug|Win32
		{56D2D64F-6296-4E1E-8C0C-7AF381034F73}.Release|x64.ActiveCfg = Release|x64
		{56D2D64F-6296-4E1E-8C0C-7AF381034F73}.Release|x64.Build.0 = Release|x64
		{56D2D64F-6296-4E1E-8C0C-7AF381034F73}.Release|x86.ActiveCfg = Release|Win32
		{56D2D64F-6296-4E1E-8C0C-7AF381034F73}.Release|x86.Build.0 = Release|Win32
		{AE099E7D-5A3D-4054-9B96-745388E83045}.Debug|x64.ActiveCfg = Debug|x64
		{AE099E7D-5A3D-4054-9B96-745388E83045}.Debug|x64.Build.0 = Debug|x64
		{AE099E7D-5A3D-4054-9B96-745388E83045}.Debug|x86.ActiveCfg = Debug|Win32
		{AE099E7D-5A3D-4054-9B96-745388E83045}.Debug|x86.Build.0 = Debug|Win32
		{AE099E7D-5A3D-4054-9B96-745388E83045}.Release|x64.ActiveCfg = Release|x64
		{AE099E7D-5A3D-4054-9B96-745388E83045}.Release|x64.Build.0 = Release|x64
		{AE099E7D-5A3D-4054-9B96-745388E83045}.Release|x86.ActiveCfg = Release|Win32
		{AE099E7D-5A3D-4054-9B96-745388E83045}.Release|x86.Build.0 = Release|Win32
		{7482C1FD-BE7B-4380-AD4B-4E7214FBFE63}.Debug|x64.ActiveCfg = Debug|x64
		{7482C1FD-BE7B-4380-AD4B-4E7214FBFE63}.Debug|x64.Build.0 = Debug|x64
		{7482C1FD-BE7B-4380-AD4B-4E7214FBFE63}.Debug|x86.ActiveCfg = Debug|Win32
		{7482C1FD-BE7B-4380-AD4B-4E7214FBFE63}.Debug|x86.Build.0 = Debug|Win32
		{7482C1FD-BE7B-4380-AD4B-4E7214FBFE63}.Release|x64.ActiveCfg = Release|x64
		{7482C1FD-BE7B-4380-AD4B-4E7214FBFE63}.Release|x64.Build.0 = Release|x64
		{7482C1FD-BE7B-4380-AD4B-4E7214FBFE63}.Release|x86.ActiveCfg = Release|Win32
		{7482C1FD-BE7B-4380-AD4B-4E7214FBFE63}.Release|x86.Build.0 = Release|Win32
	EndGlobalSection
	GlobalSection(SolutionProperties) = preSolution
		HideSolutionNode = FALSE
	EndGlobalSection
	GlobalSection(ExtensibilityGlobals) = postSolution
		SolutionGuid = {235AF93D-2526-43D8-8EE6-AA639689FE5D}
	EndGlobalSection
EndGlobal
