
Microsoft Visual Studio Solution File, Format Version 9.00
# Visual C++ Express 2005
Project("{8BC9CEB8-8B4A-11D0-8D11-00A0C91BC942}") = "graphicstest", "graphicstest.vcproj", "{37F9E1C7-9CD5-421F-A43B-ED1FC438C42A}"
	ProjectSection(ProjectDependencies) = postProject
		{ACD7B530-2B80-4866-91DB-071838FB2BFF} = {ACD7B530-2B80-4866-91DB-071838FB2BFF}
		{C5F92D21-D6DA-4A5F-91A1-0487C8BD263D} = {C5F92D21-D6DA-4A5F-91A1-0487C8BD263D}
		{FC184730-2398-4AE0-B200-228F0E563B19} = {FC184730-2398-4AE0-B200-228F0E563B19}
	EndProjectSection
EndProject
Project("{8BC9CEB8-8B4A-11D0-8D11-00A0C91BC942}") = "memory", "..\memory\memory.vcproj", "{C5F92D21-D6DA-4A5F-91A1-0487C8BD263D}"
EndProject
Project("{8BC9CEB8-8B4A-11D0-8D11-00A0C91BC942}") = "structures", "..\structures\structures.vcproj", "{ACD7B530-2B80-4866-91DB-071838FB2BFF}"
EndProject
Project("{8BC9CEB8-8B4A-11D0-8D11-00A0C91BC942}") = "graphics", "..\graphics\graphics.vcproj", "{FC184730-2398-4AE0-B200-228F0E563B19}"
EndProject
Global
	GlobalSection(SolutionConfigurationPlatforms) = preSolution
		Debug|Win32 = Debug|Win32
		Release|Win32 = Release|Win32
	EndGlobalSection
	GlobalSection(ProjectConfigurationPlatforms) = postSolution
		{37F9E1C7-9CD5-421F-A43B-ED1FC438C42A}.Debug|Win32.ActiveCfg = Debug|Win32
		{37F9E1C7-9CD5-421F-A43B-ED1FC438C42A}.Debug|Win32.Build.0 = Debug|Win32
		{37F9E1C7-9CD5-421F-A43B-ED1FC438C42A}.Release|Win32.ActiveCfg = Release|Win32
		{37F9E1C7-9CD5-421F-A43B-ED1FC438C42A}.Release|Win32.Build.0 = Release|Win32
		{C5F92D21-D6DA-4A5F-91A1-0487C8BD263D}.Debug|Win32.ActiveCfg = Debug|Win32
		{C5F92D21-D6DA-4A5F-91A1-0487C8BD263D}.Debug|Win32.Build.0 = Debug|Win32
		{C5F92D21-D6DA-4A5F-91A1-0487C8BD263D}.Release|Win32.ActiveCfg = Release|Win32
		{C5F92D21-D6DA-4A5F-91A1-0487C8BD263D}.Release|Win32.Build.0 = Release|Win32
		{ACD7B530-2B80-4866-91DB-071838FB2BFF}.Debug|Win32.ActiveCfg = Debug|Win32
		{ACD7B530-2B80-4866-91DB-071838FB2BFF}.Debug|Win32.Build.0 = Debug|Win32
		{ACD7B530-2B80-4866-91DB-071838FB2BFF}.Release|Win32.ActiveCfg = Release|Win32
		{ACD7B530-2B80-4866-91DB-071838FB2BFF}.Release|Win32.Build.0 = Release|Win32
		{FC184730-2398-4AE0-B200-228F0E563B19}.Debug|Win32.ActiveCfg = Debug|Win32
		{FC184730-2398-4AE0-B200-228F0E563B19}.Debug|Win32.Build.0 = Debug|Win32
		{FC184730-2398-4AE0-B200-228F0E563B19}.Release|Win32.ActiveCfg = Release|Win32
		{FC184730-2398-4AE0-B200-228F0E563B19}.Release|Win32.Build.0 = Release|Win32
	EndGlobalSection
	GlobalSection(SolutionProperties) = preSolution
		HideSolutionNode = FALSE
	EndGlobalSection
EndGlobal
